
Microsoft Visual Studio Solution File, Format Version 12.00
# Visual Studio 14
VisualStudioVersion = 14.0.23107.0
MinimumVisualStudioVersion = 10.0.40219.1
Project("{888888A0-9F3D-457C-B088-3A5042F75D52}") = "Orel_and_Rechka", "Orel_and_Rechka\Orel_and_Rechka.pyproj", "{E3E1EFC1-C97E-4073-9717-AC9DEE46CC51}"
EndProject
Global
	GlobalSection(SolutionConfigurationPlatforms) = preSolution
		Debug|Any CPU = Debug|Any CPU
		Release|Any CPU = Release|Any CPU
	EndGlobalSection
	GlobalSection(ProjectConfigurationPlatforms) = postSolution
		{E3E1EFC1-C97E-4073-9717-AC9DEE46CC51}.Debug|Any CPU.ActiveCfg = Debug|Any CPU
		{E3E1EFC1-C97E-4073-9717-AC9DEE46CC51}.Release|Any CPU.ActiveCfg = Release|Any CPU
	EndGlobalSection
	GlobalSection(SolutionProperties) = preSolution
		HideSolutionNode = FALSE
	EndGlobalSection
EndGlobal
